
Microsoft Visual Studio Solution File, Format Version 12.00
# Visual Studio Version 16
VisualStudioVersion = 16.0.31025.194
MinimumVisualStudioVersion = 10.0.40219.1
Project("{D954291E-2A0B-460D-934E-DC6B0785DB48}") = "CrossPlatformApp.Shared", "CrossPlatformApp\CrossPlatformApp.Shared\CrossPlatformApp.Shared.shproj", "{6279C845-92F8-4333-AB99-3D213163593C}"
EndProject
Project("{2150E333-8FDC-42A3-9474-1A3956D46DE8}") = "Platforms", "Platforms", "{31FC31B0-EDB2-4BE4-A6AF-70A452FCD6F1}"
EndProject
Project("{FAE04EC0-301F-11D3-BF4B-00C04F79EFBC}") = "CrossPlatformApp.Droid", "CrossPlatformApp\CrossPlatformApp.Droid\CrossPlatformApp.Droid.csproj", "{92D86AA8-9DAF-4554-A7D0-F5F235817656}"
EndProject
Project("{FAE04EC0-301F-11D3-BF4B-00C04F79EFBC}") = "CrossPlatformApp.iOS", "CrossPlatformApp\CrossPlatformApp.iOS\CrossPlatformApp.iOS.csproj", "{2A246677-4039-4502-9044-B55367D5C79C}"
EndProject
Project("{FAE04EC0-301F-11D3-BF4B-00C04F79EFBC}") = "CrossPlatformApp.UWP", "CrossPlatformApp\CrossPlatformApp.UWP\CrossPlatformApp.UWP.csproj", "{64534C2A-3C59-4D96-BFF6-0AD923898E71}"
EndProject
Project("{FAE04EC0-301F-11D3-BF4B-00C04F79EFBC}") = "CrossPlatformApp.Wasm", "CrossPlatformApp\CrossPlatformApp.Wasm\CrossPlatformApp.Wasm.csproj", "{EBA4D5A5-C9CC-4E8B-9030-40685B0DF49A}"
EndProject
Project("{FAE04EC0-301F-11D3-BF4B-00C04F79EFBC}") = "CrossPlatformApp.macOS", "CrossPlatformApp\CrossPlatformApp.macOS\CrossPlatformApp.macOS.csproj", "{1275FA3F-AD51-4147-BAF8-99F9BCD0B6F4}"
EndProject
Project("{FAE04EC0-301F-11D3-BF4B-00C04F79EFBC}") = "CrossPlatformApp.Skia.Wpf.Host", "CrossPlatformApp\CrossPlatformApp.Skia.Wpf.Host\CrossPlatformApp.Skia.Wpf.Host.csproj", "{06BC8949-71CE-44B2-AD0B-0A3EBC33DC0D}"
EndProject
Project("{FAE04EC0-301F-11D3-BF4B-00C04F79EFBC}") = "CrossPlatformApp.Skia.Wpf", "CrossPlatformApp\CrossPlatformApp.Skia.Wpf\CrossPlatformApp.Skia.Wpf.csproj", "{674C2344-E90C-4682-9648-8642F0F559D1}"
EndProject
Project("{FAE04EC0-301F-11D3-BF4B-00C04F79EFBC}") = "CrossPlatformApp.Skia.Gtk", "CrossPlatformApp\CrossPlatformApp.Skia.Gtk\CrossPlatformApp.Skia.Gtk.csproj", "{4F4DA0BD-8B53-4EA5-BF8A-C3BAC22802FF}"
EndProject
Project("{FAE04EC0-301F-11D3-BF4B-00C04F79EFBC}") = "CrossPlatformApp.Skia.Tizen", "CrossPlatformApp\CrossPlatformApp.Skia.Tizen\CrossPlatformApp.Skia.Tizen.csproj", "{63BA06EA-B6F9-4B1A-88CB-9D07F97C7800}"
EndProject
Global
	GlobalSection(SharedMSBuildProjectFiles) = preSolution
		CrossPlatformApp\CrossPlatformApp.Shared\CrossPlatformApp.Shared.projitems*{1275fa3f-ad51-4147-baf8-99f9bcd0b6f4}*SharedItemsImports = 4
		CrossPlatformApp\CrossPlatformApp.Shared\CrossPlatformApp.Shared.projitems*{2a246677-4039-4502-9044-b55367d5c79c}*SharedItemsImports = 4
		CrossPlatformApp\CrossPlatformApp.Shared\CrossPlatformApp.Shared.projitems*{4f4da0bd-8b53-4ea5-bf8a-c3bac22802ff}*SharedItemsImports = 5
		CrossPlatformApp\CrossPlatformApp.Shared\CrossPlatformApp.Shared.projitems*{6279c845-92f8-4333-ab99-3d213163593c}*SharedItemsImports = 13
		CrossPlatformApp\CrossPlatformApp.Shared\CrossPlatformApp.Shared.projitems*{63ba06ea-b6f9-4b1a-88cb-9d07f97c7800}*SharedItemsImports = 5
		CrossPlatformApp\CrossPlatformApp.Shared\CrossPlatformApp.Shared.projitems*{64534c2a-3c59-4d96-bff6-0ad923898e71}*SharedItemsImports = 4
		CrossPlatformApp\CrossPlatformApp.Shared\CrossPlatformApp.Shared.projitems*{674c2344-e90c-4682-9648-8642f0f559d1}*SharedItemsImports = 5
		CrossPlatformApp\CrossPlatformApp.Shared\CrossPlatformApp.Shared.projitems*{92d86aa8-9daf-4554-a7d0-f5f235817656}*SharedItemsImports = 4
		CrossPlatformApp\CrossPlatformApp.Shared\CrossPlatformApp.Shared.projitems*{eba4d5a5-c9cc-4e8b-9030-40685b0df49a}*SharedItemsImports = 5
	EndGlobalSection
	GlobalSection(SolutionConfigurationPlatforms) = preSolution
		Ad-Hoc|Any CPU = Ad-Hoc|Any CPU
		Ad-Hoc|ARM = Ad-Hoc|ARM
		Ad-Hoc|ARM64 = Ad-Hoc|ARM64
		Ad-Hoc|iPhone = Ad-Hoc|iPhone
		Ad-Hoc|iPhoneSimulator = Ad-Hoc|iPhoneSimulator
		Ad-Hoc|x64 = Ad-Hoc|x64
		Ad-Hoc|x86 = Ad-Hoc|x86
		AppStore|Any CPU = AppStore|Any CPU
		AppStore|ARM = AppStore|ARM
		AppStore|ARM64 = AppStore|ARM64
		AppStore|iPhone = AppStore|iPhone
		AppStore|iPhoneSimulator = AppStore|iPhoneSimulator
		AppStore|x64 = AppStore|x64
		AppStore|x86 = AppStore|x86
		Debug|Any CPU = Debug|Any CPU
		Debug|ARM = Debug|ARM
		Debug|ARM64 = Debug|ARM64
		Debug|iPhone = Debug|iPhone
		Debug|iPhoneSimulator = Debug|iPhoneSimulator
		Debug|x64 = Debug|x64
		Debug|x86 = Debug|x86
		Release|Any CPU = Release|Any CPU
		Release|ARM = Release|ARM
		Release|ARM64 = Release|ARM64
		Release|iPhone = Release|iPhone
		Release|iPhoneSimulator = Release|iPhoneSimulator
		Release|x64 = Release|x64
		Release|x86 = Release|x86
	EndGlobalSection
	GlobalSection(ProjectConfigurationPlatforms) = postSolution
		{92D86AA8-9DAF-4554-A7D0-F5F235817656}.Ad-Hoc|Any CPU.ActiveCfg = Debug|Any CPU
		{92D86AA8-9DAF-4554-A7D0-F5F235817656}.Ad-Hoc|Any CPU.Build.0 = Debug|Any CPU
		{92D86AA8-9DAF-4554-A7D0-F5F235817656}.Ad-Hoc|Any CPU.Deploy.0 = Debug|Any CPU
		{92D86AA8-9DAF-4554-A7D0-F5F235817656}.Ad-Hoc|ARM.ActiveCfg = Debug|Any CPU
		{92D86AA8-9DAF-4554-A7D0-F5F235817656}.Ad-Hoc|ARM.Build.0 = Debug|Any CPU
		{92D86AA8-9DAF-4554-A7D0-F5F235817656}.Ad-Hoc|ARM.Deploy.0 = Debug|Any CPU
		{92D86AA8-9DAF-4554-A7D0-F5F235817656}.Ad-Hoc|ARM64.ActiveCfg = Debug|Any CPU
		{92D86AA8-9DAF-4554-A7D0-F5F235817656}.Ad-Hoc|ARM64.Build.0 = Debug|Any CPU
		{92D86AA8-9DAF-4554-A7D0-F5F235817656}.Ad-Hoc|ARM64.Deploy.0 = Debug|Any CPU
		{92D86AA8-9DAF-4554-A7D0-F5F235817656}.Ad-Hoc|iPhone.ActiveCfg = Debug|Any CPU
		{92D86AA8-9DAF-4554-A7D0-F5F235817656}.Ad-Hoc|iPhone.Build.0 = Debug|Any CPU
		{92D86AA8-9DAF-4554-A7D0-F5F235817656}.Ad-Hoc|iPhone.Deploy.0 = Debug|Any CPU
		{92D86AA8-9DAF-4554-A7D0-F5F235817656}.Ad-Hoc|iPhoneSimulator.ActiveCfg = Debug|Any CPU
		{92D86AA8-9DAF-4554-A7D0-F5F235817656}.Ad-Hoc|iPhoneSimulator.Build.0 = Debug|Any CPU
		{92D86AA8-9DAF-4554-A7D0-F5F235817656}.Ad-Hoc|iPhoneSimulator.Deploy.0 = Debug|Any CPU
		{92D86AA8-9DAF-4554-A7D0-F5F235817656}.Ad-Hoc|x64.ActiveCfg = Debug|Any CPU
		{92D86AA8-9DAF-4554-A7D0-F5F235817656}.Ad-Hoc|x64.Build.0 = Debug|Any CPU
		{92D86AA8-9DAF-4554-A7D0-F5F235817656}.Ad-Hoc|x64.Deploy.0 = Debug|Any CPU
		{92D86AA8-9DAF-4554-A7D0-F5F235817656}.Ad-Hoc|x86.ActiveCfg = Debug|Any CPU
		{92D86AA8-9DAF-4554-A7D0-F5F235817656}.Ad-Hoc|x86.Build.0 = Debug|Any CPU
		{92D86AA8-9DAF-4554-A7D0-F5F235817656}.Ad-Hoc|x86.Deploy.0 = Debug|Any CPU
		{92D86AA8-9DAF-4554-A7D0-F5F235817656}.AppStore|Any CPU.ActiveCfg = Debug|Any CPU
		{92D86AA8-9DAF-4554-A7D0-F5F235817656}.AppStore|Any CPU.Build.0 = Debug|Any CPU
		{92D86AA8-9DAF-4554-A7D0-F5F235817656}.AppStore|Any CPU.Deploy.0 = Debug|Any CPU
		{92D86AA8-9DAF-4554-A7D0-F5F235817656}.AppStore|ARM.ActiveCfg = Debug|Any CPU
		{92D86AA8-9DAF-4554-A7D0-F5F235817656}.AppStore|ARM.Build.0 = Debug|Any CPU
		{92D86AA8-9DAF-4554-A7D0-F5F235817656}.AppStore|ARM.Deploy.0 = Debug|Any CPU
		{92D86AA8-9DAF-4554-A7D0-F5F235817656}.AppStore|ARM64.ActiveCfg = Debug|Any CPU
		{92D86AA8-9DAF-4554-A7D0-F5F235817656}.AppStore|ARM64.Build.0 = Debug|Any CPU
		{92D86AA8-9DAF-4554-A7D0-F5F235817656}.AppStore|ARM64.Deploy.0 = Debug|Any CPU
		{92D86AA8-9DAF-4554-A7D0-F5F235817656}.AppStore|iPhone.ActiveCfg = Debug|Any CPU
		{92D86AA8-9DAF-4554-A7D0-F5F235817656}.AppStore|iPhone.Build.0 = Debug|Any CPU
		{92D86AA8-9DAF-4554-A7D0-F5F235817656}.AppStore|iPhone.Deploy.0 = Debug|Any CPU
		{92D86AA8-9DAF-4554-A7D0-F5F235817656}.AppStore|iPhoneSimulator.ActiveCfg = Debug|Any CPU
		{92D86AA8-9DAF-4554-A7D0-F5F235817656}.AppStore|iPhoneSimulator.Build.0 = Debug|Any CPU
		{92D86AA8-9DAF-4554-A7D0-F5F235817656}.AppStore|iPhoneSimulator.Deploy.0 = Debug|Any CPU
		{92D86AA8-9DAF-4554-A7D0-F5F235817656}.AppStore|x64.ActiveCfg = Debug|Any CPU
		{92D86AA8-9DAF-4554-A7D0-F5F235817656}.AppStore|x64.Build.0 = Debug|Any CPU
		{92D86AA8-9DAF-4554-A7D0-F5F235817656}.AppStore|x64.Deploy.0 = Debug|Any CPU
		{92D86AA8-9DAF-4554-A7D0-F5F235817656}.AppStore|x86.ActiveCfg = Debug|Any CPU
		{92D86AA8-9DAF-4554-A7D0-F5F235817656}.AppStore|x86.Build.0 = Debug|Any CPU
		{92D86AA8-9DAF-4554-A7D0-F5F235817656}.AppStore|x86.Deploy.0 = Debug|Any CPU
		{92D86AA8-9DAF-4554-A7D0-F5F235817656}.Debug|Any CPU.ActiveCfg = Debug|Any CPU
		{92D86AA8-9DAF-4554-A7D0-F5F235817656}.Debug|Any CPU.Build.0 = Debug|Any CPU
		{92D86AA8-9DAF-4554-A7D0-F5F235817656}.Debug|Any CPU.Deploy.0 = Debug|Any CPU
		{92D86AA8-9DAF-4554-A7D0-F5F235817656}.Debug|ARM.ActiveCfg = Debug|Any CPU
		{92D86AA8-9DAF-4554-A7D0-F5F235817656}.Debug|ARM.Build.0 = Debug|Any CPU
		{92D86AA8-9DAF-4554-A7D0-F5F235817656}.Debug|ARM.Deploy.0 = Debug|Any CPU
		{92D86AA8-9DAF-4554-A7D0-F5F235817656}.Debug|ARM64.ActiveCfg = Debug|Any CPU
		{92D86AA8-9DAF-4554-A7D0-F5F235817656}.Debug|ARM64.Build.0 = Debug|Any CPU
		{92D86AA8-9DAF-4554-A7D0-F5F235817656}.Debug|ARM64.Deploy.0 = Debug|Any CPU
		{92D86AA8-9DAF-4554-A7D0-F5F235817656}.Debug|iPhone.ActiveCfg = Debug|Any CPU
		{92D86AA8-9DAF-4554-A7D0-F5F235817656}.Debug|iPhone.Build.0 = Debug|Any CPU
		{92D86AA8-9DAF-4554-A7D0-F5F235817656}.Debug|iPhone.Deploy.0 = Debug|Any CPU
		{92D86AA8-9DAF-4554-A7D0-F5F235817656}.Debug|iPhoneSimulator.ActiveCfg = Debug|Any CPU
		{92D86AA8-9DAF-4554-A7D0-F5F235817656}.Debug|iPhoneSimulator.Build.0 = Debug|Any CPU
		{92D86AA8-9DAF-4554-A7D0-F5F235817656}.Debug|iPhoneSimulator.Deploy.0 = Debug|Any CPU
		{92D86AA8-9DAF-4554-A7D0-F5F235817656}.Debug|x64.ActiveCfg = Debug|Any CPU
		{92D86AA8-9DAF-4554-A7D0-F5F235817656}.Debug|x64.Build.0 = Debug|Any CPU
		{92D86AA8-9DAF-4554-A7D0-F5F235817656}.Debug|x64.Deploy.0 = Debug|Any CPU
		{92D86AA8-9DAF-4554-A7D0-F5F235817656}.Debug|x86.ActiveCfg = Debug|Any CPU
		{92D86AA8-9DAF-4554-A7D0-F5F235817656}.Debug|x86.Build.0 = Debug|Any CPU
		{92D86AA8-9DAF-4554-A7D0-F5F235817656}.Debug|x86.Deploy.0 = Debug|Any CPU
		{92D86AA8-9DAF-4554-A7D0-F5F235817656}.Release|Any CPU.ActiveCfg = Release|Any CPU
		{92D86AA8-9DAF-4554-A7D0-F5F235817656}.Release|Any CPU.Build.0 = Release|Any CPU
		{92D86AA8-9DAF-4554-A7D0-F5F235817656}.Release|Any CPU.Deploy.0 = Release|Any CPU
		{92D86AA8-9DAF-4554-A7D0-F5F235817656}.Release|ARM.ActiveCfg = Release|Any CPU
		{92D86AA8-9DAF-4554-A7D0-F5F235817656}.Release|ARM.Build.0 = Release|Any CPU
		{92D86AA8-9DAF-4554-A7D0-F5F235817656}.Release|ARM.Deploy.0 = Release|Any CPU
		{92D86AA8-9DAF-4554-A7D0-F5F235817656}.Release|ARM64.ActiveCfg = Release|Any CPU
		{92D86AA8-9DAF-4554-A7D0-F5F235817656}.Release|ARM64.Build.0 = Release|Any CPU
		{92D86AA8-9DAF-4554-A7D0-F5F235817656}.Release|ARM64.Deploy.0 = Release|Any CPU
		{92D86AA8-9DAF-4554-A7D0-F5F235817656}.Release|iPhone.ActiveCfg = Release|Any CPU
		{92D86AA8-9DAF-4554-A7D0-F5F235817656}.Release|iPhone.Build.0 = Release|Any CPU
		{92D86AA8-9DAF-4554-A7D0-F5F235817656}.Release|iPhone.Deploy.0 = Release|Any CPU
		{92D86AA8-9DAF-4554-A7D0-F5F235817656}.Release|iPhoneSimulator.ActiveCfg = Release|Any CPU
		{92D86AA8-9DAF-4554-A7D0-F5F235817656}.Release|iPhoneSimulator.Build.0 = Release|Any CPU
		{92D86AA8-9DAF-4554-A7D0-F5F235817656}.Release|iPhoneSimulator.Deploy.0 = Release|Any CPU
		{92D86AA8-9DAF-4554-A7D0-F5F235817656}.Release|x64.ActiveCfg = Release|Any CPU
		{92D86AA8-9DAF-4554-A7D0-F5F235817656}.Release|x64.Build.0 = Release|Any CPU
		{92D86AA8-9DAF-4554-A7D0-F5F235817656}.Release|x64.Deploy.0 = Release|Any CPU
		{92D86AA8-9DAF-4554-A7D0-F5F235817656}.Release|x86.ActiveCfg = Release|Any CPU
		{92D86AA8-9DAF-4554-A7D0-F5F235817656}.Release|x86.Build.0 = Release|Any CPU
		{92D86AA8-9DAF-4554-A7D0-F5F235817656}.Release|x86.Deploy.0 = Release|Any CPU
		{2A246677-4039-4502-9044-B55367D5C79C}.Ad-Hoc|Any CPU.ActiveCfg = Ad-Hoc|iPhoneSimulator
		{2A246677-4039-4502-9044-B55367D5C79C}.Ad-Hoc|ARM.ActiveCfg = Ad-Hoc|iPhoneSimulator
		{2A246677-4039-4502-9044-B55367D5C79C}.Ad-Hoc|ARM64.ActiveCfg = Ad-Hoc|iPhoneSimulator
		{2A246677-4039-4502-9044-B55367D5C79C}.Ad-Hoc|iPhone.ActiveCfg = Ad-Hoc|iPhone
		{2A246677-4039-4502-9044-B55367D5C79C}.Ad-Hoc|iPhone.Build.0 = Ad-Hoc|iPhone
		{2A246677-4039-4502-9044-B55367D5C79C}.Ad-Hoc|iPhoneSimulator.ActiveCfg = Ad-Hoc|iPhoneSimulator
		{2A246677-4039-4502-9044-B55367D5C79C}.Ad-Hoc|iPhoneSimulator.Build.0 = Ad-Hoc|iPhoneSimulator
		{2A246677-4039-4502-9044-B55367D5C79C}.Ad-Hoc|x64.ActiveCfg = Ad-Hoc|iPhoneSimulator
		{2A246677-4039-4502-9044-B55367D5C79C}.Ad-Hoc|x86.ActiveCfg = Ad-Hoc|iPhoneSimulator
		{2A246677-4039-4502-9044-B55367D5C79C}.AppStore|Any CPU.ActiveCfg = AppStore|iPhoneSimulator
		{2A246677-4039-4502-9044-B55367D5C79C}.AppStore|ARM.ActiveCfg = AppStore|iPhoneSimulator
		{2A246677-4039-4502-9044-B55367D5C79C}.AppStore|ARM64.ActiveCfg = AppStore|iPhoneSimulator
		{2A246677-4039-4502-9044-B55367D5C79C}.AppStore|iPhone.ActiveCfg = AppStore|iPhone
		{2A246677-4039-4502-9044-B55367D5C79C}.AppStore|iPhone.Build.0 = AppStore|iPhone
		{2A246677-4039-4502-9044-B55367D5C79C}.AppStore|iPhoneSimulator.ActiveCfg = AppStore|iPhoneSimulator
		{2A246677-4039-4502-9044-B55367D5C79C}.AppStore|iPhoneSimulator.Build.0 = AppStore|iPhoneSimulator
		{2A246677-4039-4502-9044-B55367D5C79C}.AppStore|x64.ActiveCfg = AppStore|iPhoneSimulator
		{2A246677-4039-4502-9044-B55367D5C79C}.AppStore|x86.ActiveCfg = AppStore|iPhoneSimulator
		{2A246677-4039-4502-9044-B55367D5C79C}.Debug|Any CPU.ActiveCfg = Debug|iPhoneSimulator
		{2A246677-4039-4502-9044-B55367D5C79C}.Debug|ARM.ActiveCfg = Debug|iPhoneSimulator
		{2A246677-4039-4502-9044-B55367D5C79C}.Debug|ARM64.ActiveCfg = Debug|iPhoneSimulator
		{2A246677-4039-4502-9044-B55367D5C79C}.Debug|iPhone.ActiveCfg = Debug|iPhone
		{2A246677-4039-4502-9044-B55367D5C79C}.Debug|iPhone.Build.0 = Debug|iPhone
		{2A246677-4039-4502-9044-B55367D5C79C}.Debug|iPhoneSimulator.ActiveCfg = Debug|iPhoneSimulator
		{2A246677-4039-4502-9044-B55367D5C79C}.Debug|iPhoneSimulator.Build.0 = Debug|iPhoneSimulator
		{2A246677-4039-4502-9044-B55367D5C79C}.Debug|x64.ActiveCfg = Debug|iPhoneSimulator
		{2A246677-4039-4502-9044-B55367D5C79C}.Debug|x86.ActiveCfg = Debug|iPhoneSimulator
		{2A246677-4039-4502-9044-B55367D5C79C}.Release|Any CPU.ActiveCfg = Release|iPhoneSimulator
		{2A246677-4039-4502-9044-B55367D5C79C}.Release|ARM.ActiveCfg = Release|iPhoneSimulator
		{2A246677-4039-4502-9044-B55367D5C79C}.Release|ARM64.ActiveCfg = Release|iPhoneSimulator
		{2A246677-4039-4502-9044-B55367D5C79C}.Release|iPhone.ActiveCfg = Release|iPhone
		{2A246677-4039-4502-9044-B55367D5C79C}.Release|iPhone.Build.0 = Release|iPhone
		{2A246677-4039-4502-9044-B55367D5C79C}.Release|iPhoneSimulator.ActiveCfg = Release|iPhoneSimulator
		{2A246677-4039-4502-9044-B55367D5C79C}.Release|iPhoneSimulator.Build.0 = Release|iPhoneSimulator
		{2A246677-4039-4502-9044-B55367D5C79C}.Release|x64.ActiveCfg = Release|iPhoneSimulator
		{2A246677-4039-4502-9044-B55367D5C79C}.Release|x86.ActiveCfg = Release|iPhoneSimulator
		{64534C2A-3C59-4D96-BFF6-0AD923898E71}.Ad-Hoc|Any CPU.ActiveCfg = Debug|x86
		{64534C2A-3C59-4D96-BFF6-0AD923898E71}.Ad-Hoc|Any CPU.Build.0 = Debug|x86
		{64534C2A-3C59-4D96-BFF6-0AD923898E71}.Ad-Hoc|Any CPU.Deploy.0 = Debug|x86
		{64534C2A-3C59-4D96-BFF6-0AD923898E71}.Ad-Hoc|ARM.ActiveCfg = Debug|ARM
		{64534C2A-3C59-4D96-BFF6-0AD923898E71}.Ad-Hoc|ARM.Build.0 = Debug|ARM
		{64534C2A-3C59-4D96-BFF6-0AD923898E71}.Ad-Hoc|ARM.Deploy.0 = Debug|ARM
		{64534C2A-3C59-4D96-BFF6-0AD923898E71}.Ad-Hoc|ARM64.ActiveCfg = Debug|ARM64
		{64534C2A-3C59-4D96-BFF6-0AD923898E71}.Ad-Hoc|ARM64.Build.0 = Debug|ARM64
		{64534C2A-3C59-4D96-BFF6-0AD923898E71}.Ad-Hoc|ARM64.Deploy.0 = Debug|ARM64
		{64534C2A-3C59-4D96-BFF6-0AD923898E71}.Ad-Hoc|iPhone.ActiveCfg = Debug|x86
		{64534C2A-3C59-4D96-BFF6-0AD923898E71}.Ad-Hoc|iPhone.Build.0 = Debug|x86
		{64534C2A-3C59-4D96-BFF6-0AD923898E71}.Ad-Hoc|iPhone.Deploy.0 = Debug|x86
		{64534C2A-3C59-4D96-BFF6-0AD923898E71}.Ad-Hoc|iPhoneSimulator.ActiveCfg = Debug|x86
		{64534C2A-3C59-4D96-BFF6-0AD923898E71}.Ad-Hoc|iPhoneSimulator.Build.0 = Debug|x86
		{64534C2A-3C59-4D96-BFF6-0AD923898E71}.Ad-Hoc|iPhoneSimulator.Deploy.0 = Debug|x86
		{64534C2A-3C59-4D96-BFF6-0AD923898E71}.Ad-Hoc|x64.ActiveCfg = Debug|x64
		{64534C2A-3C59-4D96-BFF6-0AD923898E71}.Ad-Hoc|x64.Build.0 = Debug|x64
		{64534C2A-3C59-4D96-BFF6-0AD923898E71}.Ad-Hoc|x64.Deploy.0 = Debug|x64
		{64534C2A-3C59-4D96-BFF6-0AD923898E71}.Ad-Hoc|x86.ActiveCfg = Debug|x86
		{64534C2A-3C59-4D96-BFF6-0AD923898E71}.Ad-Hoc|x86.Build.0 = Debug|x86
		{64534C2A-3C59-4D96-BFF6-0AD923898E71}.Ad-Hoc|x86.Deploy.0 = Debug|x86
		{64534C2A-3C59-4D96-BFF6-0AD923898E71}.AppStore|Any CPU.ActiveCfg = Debug|x86
		{64534C2A-3C59-4D96-BFF6-0AD923898E71}.AppStore|Any CPU.Build.0 = Debug|x86
		{64534C2A-3C59-4D96-BFF6-0AD923898E71}.AppStore|Any CPU.Deploy.0 = Debug|x86
		{64534C2A-3C59-4D96-BFF6-0AD923898E71}.AppStore|ARM.ActiveCfg = Debug|ARM
		{64534C2A-3C59-4D96-BFF6-0AD923898E71}.AppStore|ARM.Build.0 = Debug|ARM
		{64534C2A-3C59-4D96-BFF6-0AD923898E71}.AppStore|ARM.Deploy.0 = Debug|ARM
		{64534C2A-3C59-4D96-BFF6-0AD923898E71}.AppStore|ARM64.ActiveCfg = Debug|ARM64
		{64534C2A-3C59-4D96-BFF6-0AD923898E71}.AppStore|ARM64.Build.0 = Debug|ARM64
		{64534C2A-3C59-4D96-BFF6-0AD923898E71}.AppStore|ARM64.Deploy.0 = Debug|ARM64
		{64534C2A-3C59-4D96-BFF6-0AD923898E71}.AppStore|iPhone.ActiveCfg = Debug|x86
		{64534C2A-3C59-4D96-BFF6-0AD923898E71}.AppStore|iPhone.Build.0 = Debug|x86
		{64534C2A-3C59-4D96-BFF6-0AD923898E71}.AppStore|iPhone.Deploy.0 = Debug|x86
		{64534C2A-3C59-4D96-BFF6-0AD923898E71}.AppStore|iPhoneSimulator.ActiveCfg = Debug|x86
		{64534C2A-3C59-4D96-BFF6-0AD923898E71}.AppStore|iPhoneSimulator.Build.0 = Debug|x86
		{64534C2A-3C59-4D96-BFF6-0AD923898E71}.AppStore|iPhoneSimulator.Deploy.0 = Debug|x86
		{64534C2A-3C59-4D96-BFF6-0AD923898E71}.AppStore|x64.ActiveCfg = Debug|x64
		{64534C2A-3C59-4D96-BFF6-0AD923898E71}.AppStore|x64.Build.0 = Debug|x64
		{64534C2A-3C59-4D96-BFF6-0AD923898E71}.AppStore|x64.Deploy.0 = Debug|x64
		{64534C2A-3C59-4D96-BFF6-0AD923898E71}.AppStore|x86.ActiveCfg = Debug|x86
		{64534C2A-3C59-4D96-BFF6-0AD923898E71}.AppStore|x86.Build.0 = Debug|x86
		{64534C2A-3C59-4D96-BFF6-0AD923898E71}.AppStore|x86.Deploy.0 = Debug|x86
		{64534C2A-3C59-4D96-BFF6-0AD923898E71}.Debug|Any CPU.ActiveCfg = Debug|x86
		{64534C2A-3C59-4D96-BFF6-0AD923898E71}.Debug|Any CPU.Build.0 = Debug|x86
		{64534C2A-3C59-4D96-BFF6-0AD923898E71}.Debug|Any CPU.Deploy.0 = Debug|x86
		{64534C2A-3C59-4D96-BFF6-0AD923898E71}.Debug|ARM.ActiveCfg = Debug|ARM
		{64534C2A-3C59-4D96-BFF6-0AD923898E71}.Debug|ARM.Build.0 = Debug|ARM
		{64534C2A-3C59-4D96-BFF6-0AD923898E71}.Debug|ARM.Deploy.0 = Debug|ARM
		{64534C2A-3C59-4D96-BFF6-0AD923898E71}.Debug|ARM64.ActiveCfg = Debug|ARM64
		{64534C2A-3C59-4D96-BFF6-0AD923898E71}.Debug|ARM64.Build.0 = Debug|ARM64
		{64534C2A-3C59-4D96-BFF6-0AD923898E71}.Debug|ARM64.Deploy.0 = Debug|ARM64
		{64534C2A-3C59-4D96-BFF6-0AD923898E71}.Debug|iPhone.ActiveCfg = Debug|x86
		{64534C2A-3C59-4D96-BFF6-0AD923898E71}.Debug|iPhoneSimulator.ActiveCfg = Debug|x86
		{64534C2A-3C59-4D96-BFF6-0AD923898E71}.Debug|x64.ActiveCfg = Debug|x64
		{64534C2A-3C59-4D96-BFF6-0AD923898E71}.Debug|x64.Build.0 = Debug|x64
		{64534C2A-3C59-4D96-BFF6-0AD923898E71}.Debug|x64.Deploy.0 = Debug|x64
		{64534C2A-3C59-4D96-BFF6-0AD923898E71}.Debug|x86.ActiveCfg = Debug|x86
		{64534C2A-3C59-4D96-BFF6-0AD923898E71}.Debug|x86.Build.0 = Debug|x86
		{64534C2A-3C59-4D96-BFF6-0AD923898E71}.Debug|x86.Deploy.0 = Debug|x86
		{64534C2A-3C59-4D96-BFF6-0AD923898E71}.Release|Any CPU.ActiveCfg = Release|x86
		{64534C2A-3C59-4D96-BFF6-0AD923898E71}.Release|ARM.ActiveCfg = Release|ARM
		{64534C2A-3C59-4D96-BFF6-0AD923898E71}.Release|ARM.Build.0 = Release|ARM
		{64534C2A-3C59-4D96-BFF6-0AD923898E71}.Release|ARM.Deploy.0 = Release|ARM
		{64534C2A-3C59-4D96-BFF6-0AD923898E71}.Release|ARM64.ActiveCfg = Release|ARM64
		{64534C2A-3C59-4D96-BFF6-0AD923898E71}.Release|ARM64.Build.0 = Release|ARM64
		{64534C2A-3C59-4D96-BFF6-0AD923898E71}.Release|ARM64.Deploy.0 = Release|ARM64
		{64534C2A-3C59-4D96-BFF6-0AD923898E71}.Release|iPhone.ActiveCfg = Release|x86
		{64534C2A-3C59-4D96-BFF6-0AD923898E71}.Release|iPhoneSimulator.ActiveCfg = Release|x86
		{64534C2A-3C59-4D96-BFF6-0AD923898E71}.Release|x64.ActiveCfg = Release|x64
		{64534C2A-3C59-4D96-BFF6-0AD923898E71}.Release|x64.Build.0 = Release|x64
		{64534C2A-3C59-4D96-BFF6-0AD923898E71}.Release|x64.Deploy.0 = Release|x64
		{64534C2A-3C59-4D96-BFF6-0AD923898E71}.Release|x86.ActiveCfg = Release|x86
		{64534C2A-3C59-4D96-BFF6-0AD923898E71}.Release|x86.Build.0 = Release|x86
		{64534C2A-3C59-4D96-BFF6-0AD923898E71}.Release|x86.Deploy.0 = Release|x86
		{EBA4D5A5-C9CC-4E8B-9030-40685B0DF49A}.Ad-Hoc|Any CPU.ActiveCfg = Debug|Any CPU
		{EBA4D5A5-C9CC-4E8B-9030-40685B0DF49A}.Ad-Hoc|Any CPU.Build.0 = Debug|Any CPU
		{EBA4D5A5-C9CC-4E8B-9030-40685B0DF49A}.Ad-Hoc|ARM.ActiveCfg = Debug|Any CPU
		{EBA4D5A5-C9CC-4E8B-9030-40685B0DF49A}.Ad-Hoc|ARM.Build.0 = Debug|Any CPU
		{EBA4D5A5-C9CC-4E8B-9030-40685B0DF49A}.Ad-Hoc|ARM64.ActiveCfg = Debug|Any CPU
		{EBA4D5A5-C9CC-4E8B-9030-40685B0DF49A}.Ad-Hoc|ARM64.Build.0 = Debug|Any CPU
		{EBA4D5A5-C9CC-4E8B-9030-40685B0DF49A}.Ad-Hoc|iPhone.ActiveCfg = Debug|Any CPU
		{EBA4D5A5-C9CC-4E8B-9030-40685B0DF49A}.Ad-Hoc|iPhone.Build.0 = Debug|Any CPU
		{EBA4D5A5-C9CC-4E8B-9030-40685B0DF49A}.Ad-Hoc|iPhoneSimulator.ActiveCfg = Debug|Any CPU
		{EBA4D5A5-C9CC-4E8B-9030-40685B0DF49A}.Ad-Hoc|iPhoneSimulator.Build.0 = Debug|Any CPU
		{EBA4D5A5-C9CC-4E8B-9030-40685B0DF49A}.Ad-Hoc|x64.ActiveCfg = Debug|Any CPU
		{EBA4D5A5-C9CC-4E8B-9030-40685B0DF49A}.Ad-Hoc|x64.Build.0 = Debug|Any CPU
		{EBA4D5A5-C9CC-4E8B-9030-40685B0DF49A}.Ad-Hoc|x86.ActiveCfg = Debug|Any CPU
		{EBA4D5A5-C9CC-4E8B-9030-40685B0DF49A}.Ad-Hoc|x86.Build.0 = Debug|Any CPU
		{EBA4D5A5-C9CC-4E8B-9030-40685B0DF49A}.AppStore|Any CPU.ActiveCfg = Debug|Any CPU
		{EBA4D5A5-C9CC-4E8B-9030-40685B0DF49A}.AppStore|Any CPU.Build.0 = Debug|Any CPU
		{EBA4D5A5-C9CC-4E8B-9030-40685B0DF49A}.AppStore|ARM.ActiveCfg = Debug|Any CPU
		{EBA4D5A5-C9CC-4E8B-9030-40685B0DF49A}.AppStore|ARM.Build.0 = Debug|Any CPU
		{EBA4D5A5-C9CC-4E8B-9030-40685B0DF49A}.AppStore|ARM64.ActiveCfg = Debug|Any CPU
		{EBA4D5A5-C9CC-4E8B-9030-40685B0DF49A}.AppStore|ARM64.Build.0 = Debug|Any CPU
		{EBA4D5A5-C9CC-4E8B-9030-40685B0DF49A}.AppStore|iPhone.ActiveCfg = Debug|Any CPU
		{EBA4D5A5-C9CC-4E8B-9030-40685B0DF49A}.AppStore|iPhone.Build.0 = Debug|Any CPU
		{EBA4D5A5-C9CC-4E8B-9030-40685B0DF49A}.AppStore|iPhoneSimulator.ActiveCfg = Debug|Any CPU
		{EBA4D5A5-C9CC-4E8B-9030-40685B0DF49A}.AppStore|iPhoneSimulator.Build.0 = Debug|Any CPU
		{EBA4D5A5-C9CC-4E8B-9030-40685B0DF49A}.AppStore|x64.ActiveCfg = Debug|Any CPU
		{EBA4D5A5-C9CC-4E8B-9030-40685B0DF49A}.AppStore|x64.Build.0 = Debug|Any CPU
		{EBA4D5A5-C9CC-4E8B-9030-40685B0DF49A}.AppStore|x86.ActiveCfg = Debug|Any CPU
		{EBA4D5A5-C9CC-4E8B-9030-40685B0DF49A}.AppStore|x86.Build.0 = Debug|Any CPU
		{EBA4D5A5-C9CC-4E8B-9030-40685B0DF49A}.Debug|Any CPU.ActiveCfg = Debug|Any CPU
		{EBA4D5A5-C9CC-4E8B-9030-40685B0DF49A}.Debug|Any CPU.Build.0 = Debug|Any CPU
		{EBA4D5A5-C9CC-4E8B-9030-40685B0DF49A}.Debug|ARM.ActiveCfg = Debug|Any CPU
		{EBA4D5A5-C9CC-4E8B-9030-40685B0DF49A}.Debug|ARM.Build.0 = Debug|Any CPU
		{EBA4D5A5-C9CC-4E8B-9030-40685B0DF49A}.Debug|ARM64.ActiveCfg = Debug|Any CPU
		{EBA4D5A5-C9CC-4E8B-9030-40685B0DF49A}.Debug|ARM64.Build.0 = Debug|Any CPU
		{EBA4D5A5-C9CC-4E8B-9030-40685B0DF49A}.Debug|iPhone.ActiveCfg = Debug|Any CPU
		{EBA4D5A5-C9CC-4E8B-9030-40685B0DF49A}.Debug|iPhone.Build.0 = Debug|Any CPU
		{EBA4D5A5-C9CC-4E8B-9030-40685B0DF49A}.Debug|iPhoneSimulator.ActiveCfg = Debug|Any CPU
		{EBA4D5A5-C9CC-4E8B-9030-40685B0DF49A}.Debug|iPhoneSimulator.Build.0 = Debug|Any CPU
		{EBA4D5A5-C9CC-4E8B-9030-40685B0DF49A}.Debug|x64.ActiveCfg = Debug|Any CPU
		{EBA4D5A5-C9CC-4E8B-9030-40685B0DF49A}.Debug|x64.Build.0 = Debug|Any CPU
		{EBA4D5A5-C9CC-4E8B-9030-40685B0DF49A}.Debug|x86.ActiveCfg = Debug|Any CPU
		{EBA4D5A5-C9CC-4E8B-9030-40685B0DF49A}.Debug|x86.Build.0 = Debug|Any CPU
		{EBA4D5A5-C9CC-4E8B-9030-40685B0DF49A}.Release|Any CPU.ActiveCfg = Release|Any CPU
		{EBA4D5A5-C9CC-4E8B-9030-40685B0DF49A}.Release|Any CPU.Build.0 = Release|Any CPU
		{EBA4D5A5-C9CC-4E8B-9030-40685B0DF49A}.Release|ARM.ActiveCfg = Release|Any CPU
		{EBA4D5A5-C9CC-4E8B-9030-40685B0DF49A}.Release|ARM.Build.0 = Release|Any CPU
		{EBA4D5A5-C9CC-4E8B-9030-40685B0DF49A}.Release|ARM64.ActiveCfg = Release|Any CPU
		{EBA4D5A5-C9CC-4E8B-9030-40685B0DF49A}.Release|ARM64.Build.0 = Release|Any CPU
		{EBA4D5A5-C9CC-4E8B-9030-40685B0DF49A}.Release|iPhone.ActiveCfg = Release|Any CPU
		{EBA4D5A5-C9CC-4E8B-9030-40685B0DF49A}.Release|iPhone.Build.0 = Release|Any CPU
		{EBA4D5A5-C9CC-4E8B-9030-40685B0DF49A}.Release|iPhoneSimulator.ActiveCfg = Release|Any CPU
		{EBA4D5A5-C9CC-4E8B-9030-40685B0DF49A}.Release|iPhoneSimulator.Build.0 = Release|Any CPU
		{EBA4D5A5-C9CC-4E8B-9030-40685B0DF49A}.Release|x64.ActiveCfg = Release|Any CPU
		{EBA4D5A5-C9CC-4E8B-9030-40685B0DF49A}.Release|x64.Build.0 = Release|Any CPU
		{EBA4D5A5-C9CC-4E8B-9030-40685B0DF49A}.Release|x86.ActiveCfg = Release|Any CPU
		{EBA4D5A5-C9CC-4E8B-9030-40685B0DF49A}.Release|x86.Build.0 = Release|Any CPU
		{1275FA3F-AD51-4147-BAF8-99F9BCD0B6F4}.Ad-Hoc|Any CPU.ActiveCfg = Debug|iPhoneSimulator
		{1275FA3F-AD51-4147-BAF8-99F9BCD0B6F4}.Ad-Hoc|Any CPU.Build.0 = Debug|iPhoneSimulator
		{1275FA3F-AD51-4147-BAF8-99F9BCD0B6F4}.Ad-Hoc|ARM.ActiveCfg = Debug|iPhoneSimulator
		{1275FA3F-AD51-4147-BAF8-99F9BCD0B6F4}.Ad-Hoc|ARM.Build.0 = Debug|iPhoneSimulator
		{1275FA3F-AD51-4147-BAF8-99F9BCD0B6F4}.Ad-Hoc|ARM64.ActiveCfg = Debug|iPhoneSimulator
		{1275FA3F-AD51-4147-BAF8-99F9BCD0B6F4}.Ad-Hoc|ARM64.Build.0 = Debug|iPhoneSimulator
		{1275FA3F-AD51-4147-BAF8-99F9BCD0B6F4}.Ad-Hoc|iPhone.ActiveCfg = Debug|iPhoneSimulator
		{1275FA3F-AD51-4147-BAF8-99F9BCD0B6F4}.Ad-Hoc|iPhone.Build.0 = Debug|iPhoneSimulator
		{1275FA3F-AD51-4147-BAF8-99F9BCD0B6F4}.Ad-Hoc|iPhoneSimulator.ActiveCfg = Debug|iPhoneSimulator
		{1275FA3F-AD51-4147-BAF8-99F9BCD0B6F4}.Ad-Hoc|iPhoneSimulator.Build.0 = Debug|iPhoneSimulator
		{1275FA3F-AD51-4147-BAF8-99F9BCD0B6F4}.Ad-Hoc|x64.ActiveCfg = Debug|iPhoneSimulator
		{1275FA3F-AD51-4147-BAF8-99F9BCD0B6F4}.Ad-Hoc|x64.Build.0 = Debug|iPhoneSimulator
		{1275FA3F-AD51-4147-BAF8-99F9BCD0B6F4}.Ad-Hoc|x86.ActiveCfg = Debug|iPhoneSimulator
		{1275FA3F-AD51-4147-BAF8-99F9BCD0B6F4}.Ad-Hoc|x86.Build.0 = Debug|iPhoneSimulator
		{1275FA3F-AD51-4147-BAF8-99F9BCD0B6F4}.AppStore|Any CPU.ActiveCfg = Debug|iPhoneSimulator
		{1275FA3F-AD51-4147-BAF8-99F9BCD0B6F4}.AppStore|Any CPU.Build.0 = Debug|iPhoneSimulator
		{1275FA3F-AD51-4147-BAF8-99F9BCD0B6F4}.AppStore|ARM.ActiveCfg = Debug|iPhoneSimulator
		{1275FA3F-AD51-4147-BAF8-99F9BCD0B6F4}.AppStore|ARM.Build.0 = Debug|iPhoneSimulator
		{1275FA3F-AD51-4147-BAF8-99F9BCD0B6F4}.AppStore|ARM64.ActiveCfg = Debug|iPhoneSimulator
		{1275FA3F-AD51-4147-BAF8-99F9BCD0B6F4}.AppStore|ARM64.Build.0 = Debug|iPhoneSimulator
		{1275FA3F-AD51-4147-BAF8-99F9BCD0B6F4}.AppStore|iPhone.ActiveCfg = Debug|iPhoneSimulator
		{1275FA3F-AD51-4147-BAF8-99F9BCD0B6F4}.AppStore|iPhone.Build.0 = Debug|iPhoneSimulator
		{1275FA3F-AD51-4147-BAF8-99F9BCD0B6F4}.AppStore|iPhoneSimulator.ActiveCfg = Debug|iPhoneSimulator
		{1275FA3F-AD51-4147-BAF8-99F9BCD0B6F4}.AppStore|iPhoneSimulator.Build.0 = Debug|iPhoneSimulator
		{1275FA3F-AD51-4147-BAF8-99F9BCD0B6F4}.AppStore|x64.ActiveCfg = Debug|iPhoneSimulator
		{1275FA3F-AD51-4147-BAF8-99F9BCD0B6F4}.AppStore|x64.Build.0 = Debug|iPhoneSimulator
		{1275FA3F-AD51-4147-BAF8-99F9BCD0B6F4}.AppStore|x86.ActiveCfg = Debug|iPhoneSimulator
		{1275FA3F-AD51-4147-BAF8-99F9BCD0B6F4}.AppStore|x86.Build.0 = Debug|iPhoneSimulator
		{1275FA3F-AD51-4147-BAF8-99F9BCD0B6F4}.Debug|Any CPU.ActiveCfg = Debug|iPhoneSimulator
		{1275FA3F-AD51-4147-BAF8-99F9BCD0B6F4}.Debug|ARM.ActiveCfg = Debug|iPhoneSimulator
		{1275FA3F-AD51-4147-BAF8-99F9BCD0B6F4}.Debug|ARM64.ActiveCfg = Debug|iPhoneSimulator
		{1275FA3F-AD51-4147-BAF8-99F9BCD0B6F4}.Debug|iPhone.ActiveCfg = Debug|iPhoneSimulator
		{1275FA3F-AD51-4147-BAF8-99F9BCD0B6F4}.Debug|iPhoneSimulator.ActiveCfg = Debug|iPhoneSimulator
		{1275FA3F-AD51-4147-BAF8-99F9BCD0B6F4}.Debug|iPhoneSimulator.Build.0 = Debug|iPhoneSimulator
		{1275FA3F-AD51-4147-BAF8-99F9BCD0B6F4}.Debug|x64.ActiveCfg = Debug|iPhoneSimulator
		{1275FA3F-AD51-4147-BAF8-99F9BCD0B6F4}.Debug|x86.ActiveCfg = Debug|iPhoneSimulator
		{1275FA3F-AD51-4147-BAF8-99F9BCD0B6F4}.Release|Any CPU.ActiveCfg = Release|iPhoneSimulator
		{1275FA3F-AD51-4147-BAF8-99F9BCD0B6F4}.Release|ARM.ActiveCfg = Release|iPhoneSimulator
		{1275FA3F-AD51-4147-BAF8-99F9BCD0B6F4}.Release|ARM64.ActiveCfg = Release|iPhoneSimulator
		{1275FA3F-AD51-4147-BAF8-99F9BCD0B6F4}.Release|iPhone.ActiveCfg = Release|iPhoneSimulator
		{1275FA3F-AD51-4147-BAF8-99F9BCD0B6F4}.Release|iPhoneSimulator.ActiveCfg = Release|iPhoneSimulator
		{1275FA3F-AD51-4147-BAF8-99F9BCD0B6F4}.Release|iPhoneSimulator.Build.0 = Release|iPhoneSimulator
		{1275FA3F-AD51-4147-BAF8-99F9BCD0B6F4}.Release|x64.ActiveCfg = Release|iPhoneSimulator
		{1275FA3F-AD51-4147-BAF8-99F9BCD0B6F4}.Release|x86.ActiveCfg = Release|iPhoneSimulator
		{06BC8949-71CE-44B2-AD0B-0A3EBC33DC0D}.Ad-Hoc|Any CPU.ActiveCfg = Debug|Any CPU
		{06BC8949-71CE-44B2-AD0B-0A3EBC33DC0D}.Ad-Hoc|Any CPU.Build.0 = Debug|Any CPU
		{06BC8949-71CE-44B2-AD0B-0A3EBC33DC0D}.Ad-Hoc|ARM.ActiveCfg = Debug|Any CPU
		{06BC8949-71CE-44B2-AD0B-0A3EBC33DC0D}.Ad-Hoc|ARM.Build.0 = Debug|Any CPU
		{06BC8949-71CE-44B2-AD0B-0A3EBC33DC0D}.Ad-Hoc|ARM64.ActiveCfg = Debug|Any CPU
		{06BC8949-71CE-44B2-AD0B-0A3EBC33DC0D}.Ad-Hoc|ARM64.Build.0 = Debug|Any CPU
		{06BC8949-71CE-44B2-AD0B-0A3EBC33DC0D}.Ad-Hoc|iPhone.ActiveCfg = Debug|Any CPU
		{06BC8949-71CE-44B2-AD0B-0A3EBC33DC0D}.Ad-Hoc|iPhone.Build.0 = Debug|Any CPU
		{06BC8949-71CE-44B2-AD0B-0A3EBC33DC0D}.Ad-Hoc|iPhoneSimulator.ActiveCfg = Debug|Any CPU
		{06BC8949-71CE-44B2-AD0B-0A3EBC33DC0D}.Ad-Hoc|iPhoneSimulator.Build.0 = Debug|Any CPU
		{06BC8949-71CE-44B2-AD0B-0A3EBC33DC0D}.Ad-Hoc|x64.ActiveCfg = Debug|Any CPU
		{06BC8949-71CE-44B2-AD0B-0A3EBC33DC0D}.Ad-Hoc|x64.Build.0 = Debug|Any CPU
		{06BC8949-71CE-44B2-AD0B-0A3EBC33DC0D}.Ad-Hoc|x86.ActiveCfg = Debug|Any CPU
		{06BC8949-71CE-44B2-AD0B-0A3EBC33DC0D}.Ad-Hoc|x86.Build.0 = Debug|Any CPU
		{06BC8949-71CE-44B2-AD0B-0A3EBC33DC0D}.AppStore|Any CPU.ActiveCfg = Debug|Any CPU
		{06BC8949-71CE-44B2-AD0B-0A3EBC33DC0D}.AppStore|Any CPU.Build.0 = Debug|Any CPU
		{06BC8949-71CE-44B2-AD0B-0A3EBC33DC0D}.AppStore|ARM.ActiveCfg = Debug|Any CPU
		{06BC8949-71CE-44B2-AD0B-0A3EBC33DC0D}.AppStore|ARM.Build.0 = Debug|Any CPU
		{06BC8949-71CE-44B2-AD0B-0A3EBC33DC0D}.AppStore|ARM64.ActiveCfg = Debug|Any CPU
		{06BC8949-71CE-44B2-AD0B-0A3EBC33DC0D}.AppStore|ARM64.Build.0 = Debug|Any CPU
		{06BC8949-71CE-44B2-AD0B-0A3EBC33DC0D}.AppStore|iPhone.ActiveCfg = Debug|Any CPU
		{06BC8949-71CE-44B2-AD0B-0A3EBC33DC0D}.AppStore|iPhone.Build.0 = Debug|Any CPU
		{06BC8949-71CE-44B2-AD0B-0A3EBC33DC0D}.AppStore|iPhoneSimulator.ActiveCfg = Debug|Any CPU
		{06BC8949-71CE-44B2-AD0B-0A3EBC33DC0D}.AppStore|iPhoneSimulator.Build.0 = Debug|Any CPU
		{06BC8949-71CE-44B2-AD0B-0A3EBC33DC0D}.AppStore|x64.ActiveCfg = Debug|Any CPU
		{06BC8949-71CE-44B2-AD0B-0A3EBC33DC0D}.AppStore|x64.Build.0 = Debug|Any CPU
		{06BC8949-71CE-44B2-AD0B-0A3EBC33DC0D}.AppStore|x86.ActiveCfg = Debug|Any CPU
		{06BC8949-71CE-44B2-AD0B-0A3EBC33DC0D}.AppStore|x86.Build.0 = Debug|Any CPU
		{06BC8949-71CE-44B2-AD0B-0A3EBC33DC0D}.Debug|Any CPU.ActiveCfg = Debug|Any CPU
		{06BC8949-71CE-44B2-AD0B-0A3EBC33DC0D}.Debug|Any CPU.Build.0 = Debug|Any CPU
		{06BC8949-71CE-44B2-AD0B-0A3EBC33DC0D}.Debug|ARM.ActiveCfg = Debug|Any CPU
		{06BC8949-71CE-44B2-AD0B-0A3EBC33DC0D}.Debug|ARM.Build.0 = Debug|Any CPU
		{06BC8949-71CE-44B2-AD0B-0A3EBC33DC0D}.Debug|ARM64.ActiveCfg = Debug|Any CPU
		{06BC8949-71CE-44B2-AD0B-0A3EBC33DC0D}.Debug|ARM64.Build.0 = Debug|Any CPU
		{06BC8949-71CE-44B2-AD0B-0A3EBC33DC0D}.Debug|iPhone.ActiveCfg = Debug|Any CPU
		{06BC8949-71CE-44B2-AD0B-0A3EBC33DC0D}.Debug|iPhone.Build.0 = Debug|Any CPU
		{06BC8949-71CE-44B2-AD0B-0A3EBC33DC0D}.Debug|iPhoneSimulator.ActiveCfg = Debug|Any CPU
		{06BC8949-71CE-44B2-AD0B-0A3EBC33DC0D}.Debug|iPhoneSimulator.Build.0 = Debug|Any CPU
		{06BC8949-71CE-44B2-AD0B-0A3EBC33DC0D}.Debug|x64.ActiveCfg = Debug|Any CPU
		{06BC8949-71CE-44B2-AD0B-0A3EBC33DC0D}.Debug|x64.Build.0 = Debug|Any CPU
		{06BC8949-71CE-44B2-AD0B-0A3EBC33DC0D}.Debug|x86.ActiveCfg = Debug|Any CPU
		{06BC8949-71CE-44B2-AD0B-0A3EBC33DC0D}.Debug|x86.Build.0 = Debug|Any CPU
		{06BC8949-71CE-44B2-AD0B-0A3EBC33DC0D}.Release|Any CPU.ActiveCfg = Release|Any CPU
		{06BC8949-71CE-44B2-AD0B-0A3EBC33DC0D}.Release|Any CPU.Build.0 = Release|Any CPU
		{06BC8949-71CE-44B2-AD0B-0A3EBC33DC0D}.Release|ARM.ActiveCfg = Release|Any CPU
		{06BC8949-71CE-44B2-AD0B-0A3EBC33DC0D}.Release|ARM.Build.0 = Release|Any CPU
		{06BC8949-71CE-44B2-AD0B-0A3EBC33DC0D}.Release|ARM64.ActiveCfg = Release|Any CPU
		{06BC8949-71CE-44B2-AD0B-0A3EBC33DC0D}.Release|ARM64.Build.0 = Release|Any CPU
		{06BC8949-71CE-44B2-AD0B-0A3EBC33DC0D}.Release|iPhone.ActiveCfg = Release|Any CPU
		{06BC8949-71CE-44B2-AD0B-0A3EBC33DC0D}.Release|iPhone.Build.0 = Release|Any CPU
		{06BC8949-71CE-44B2-AD0B-0A3EBC33DC0D}.Release|iPhoneSimulator.ActiveCfg = Release|Any CPU
		{06BC8949-71CE-44B2-AD0B-0A3EBC33DC0D}.Release|iPhoneSimulator.Build.0 = Release|Any CPU
		{06BC8949-71CE-44B2-AD0B-0A3EBC33DC0D}.Release|x64.ActiveCfg = Release|Any CPU
		{06BC8949-71CE-44B2-AD0B-0A3EBC33DC0D}.Release|x64.Build.0 = Release|Any CPU
		{06BC8949-71CE-44B2-AD0B-0A3EBC33DC0D}.Release|x86.ActiveCfg = Release|Any CPU
		{06BC8949-71CE-44B2-AD0B-0A3EBC33DC0D}.Release|x86.Build.0 = Release|Any CPU
		{674C2344-E90C-4682-9648-8642F0F559D1}.Ad-Hoc|Any CPU.ActiveCfg = Debug|Any CPU
		{674C2344-E90C-4682-9648-8642F0F559D1}.Ad-Hoc|Any CPU.Build.0 = Debug|Any CPU
		{674C2344-E90C-4682-9648-8642F0F559D1}.Ad-Hoc|ARM.ActiveCfg = Debug|Any CPU
		{674C2344-E90C-4682-9648-8642F0F559D1}.Ad-Hoc|ARM.Build.0 = Debug|Any CPU
		{674C2344-E90C-4682-9648-8642F0F559D1}.Ad-Hoc|ARM64.ActiveCfg = Debug|Any CPU
		{674C2344-E90C-4682-9648-8642F0F559D1}.Ad-Hoc|ARM64.Build.0 = Debug|Any CPU
		{674C2344-E90C-4682-9648-8642F0F559D1}.Ad-Hoc|iPhone.ActiveCfg = Debug|Any CPU
		{674C2344-E90C-4682-9648-8642F0F559D1}.Ad-Hoc|iPhone.Build.0 = Debug|Any CPU
		{674C2344-E90C-4682-9648-8642F0F559D1}.Ad-Hoc|iPhoneSimulator.ActiveCfg = Debug|Any CPU
		{674C2344-E90C-4682-9648-8642F0F559D1}.Ad-Hoc|iPhoneSimulator.Build.0 = Debug|Any CPU
		{674C2344-E90C-4682-9648-8642F0F559D1}.Ad-Hoc|x64.ActiveCfg = Debug|Any CPU
		{674C2344-E90C-4682-9648-8642F0F559D1}.Ad-Hoc|x64.Build.0 = Debug|Any CPU
		{674C2344-E90C-4682-9648-8642F0F559D1}.Ad-Hoc|x86.ActiveCfg = Debug|Any CPU
		{674C2344-E90C-4682-9648-8642F0F559D1}.Ad-Hoc|x86.Build.0 = Debug|Any CPU
		{674C2344-E90C-4682-9648-8642F0F559D1}.AppStore|Any CPU.ActiveCfg = Debug|Any CPU
		{674C2344-E90C-4682-9648-8642F0F559D1}.AppStore|Any CPU.Build.0 = Debug|Any CPU
		{674C2344-E90C-4682-9648-8642F0F559D1}.AppStore|ARM.ActiveCfg = Debug|Any CPU
		{674C2344-E90C-4682-9648-8642F0F559D1}.AppStore|ARM.Build.0 = Debug|Any CPU
		{674C2344-E90C-4682-9648-8642F0F559D1}.AppStore|ARM64.ActiveCfg = Debug|Any CPU
		{674C2344-E90C-4682-9648-8642F0F559D1}.AppStore|ARM64.Build.0 = Debug|Any CPU
		{674C2344-E90C-4682-9648-8642F0F559D1}.AppStore|iPhone.ActiveCfg = Debug|Any CPU
		{674C2344-E90C-4682-9648-8642F0F559D1}.AppStore|iPhone.Build.0 = Debug|Any CPU
		{674C2344-E90C-4682-9648-8642F0F559D1}.AppStore|iPhoneSimulator.ActiveCfg = Debug|Any CPU
		{674C2344-E90C-4682-9648-8642F0F559D1}.AppStore|iPhoneSimulator.Build.0 = Debug|Any CPU
		{674C2344-E90C-4682-9648-8642F0F559D1}.AppStore|x64.ActiveCfg = Debug|Any CPU
		{674C2344-E90C-4682-9648-8642F0F559D1}.AppStore|x64.Build.0 = Debug|Any CPU
		{674C2344-E90C-4682-9648-8642F0F559D1}.AppStore|x86.ActiveCfg = Debug|Any CPU
		{674C2344-E90C-4682-9648-8642F0F559D1}.AppStore|x86.Build.0 = Debug|Any CPU
		{674C2344-E90C-4682-9648-8642F0F559D1}.Debug|Any CPU.ActiveCfg = Debug|Any CPU
		{674C2344-E90C-4682-9648-8642F0F559D1}.Debug|Any CPU.Build.0 = Debug|Any CPU
		{674C2344-E90C-4682-9648-8642F0F559D1}.Debug|ARM.ActiveCfg = Debug|Any CPU
		{674C2344-E90C-4682-9648-8642F0F559D1}.Debug|ARM.Build.0 = Debug|Any CPU
		{674C2344-E90C-4682-9648-8642F0F559D1}.Debug|ARM64.ActiveCfg = Debug|Any CPU
		{674C2344-E90C-4682-9648-8642F0F559D1}.Debug|ARM64.Build.0 = Debug|Any CPU
		{674C2344-E90C-4682-9648-8642F0F559D1}.Debug|iPhone.ActiveCfg = Debug|Any CPU
		{674C2344-E90C-4682-9648-8642F0F559D1}.Debug|iPhone.Build.0 = Debug|Any CPU
		{674C2344-E90C-4682-9648-8642F0F559D1}.Debug|iPhoneSimulator.ActiveCfg = Debug|Any CPU
		{674C2344-E90C-4682-9648-8642F0F559D1}.Debug|iPhoneSimulator.Build.0 = Debug|Any CPU
		{674C2344-E90C-4682-9648-8642F0F559D1}.Debug|x64.ActiveCfg = Debug|Any CPU
		{674C2344-E90C-4682-9648-8642F0F559D1}.Debug|x64.Build.0 = Debug|Any CPU
		{674C2344-E90C-4682-9648-8642F0F559D1}.Debug|x86.ActiveCfg = Debug|Any CPU
		{674C2344-E90C-4682-9648-8642F0F559D1}.Debug|x86.Build.0 = Debug|Any CPU
		{674C2344-E90C-4682-9648-8642F0F559D1}.Release|Any CPU.ActiveCfg = Release|Any CPU
		{674C2344-E90C-4682-9648-8642F0F559D1}.Release|Any CPU.Build.0 = Release|Any CPU
		{674C2344-E90C-4682-9648-8642F0F559D1}.Release|ARM.ActiveCfg = Release|Any CPU
		{674C2344-E90C-4682-9648-8642F0F559D1}.Release|ARM.Build.0 = Release|Any CPU
		{674C2344-E90C-4682-9648-8642F0F559D1}.Release|ARM64.ActiveCfg = Release|Any CPU
		{674C2344-E90C-4682-9648-8642F0F559D1}.Release|ARM64.Build.0 = Release|Any CPU
		{674C2344-E90C-4682-9648-8642F0F559D1}.Release|iPhone.ActiveCfg = Release|Any CPU
		{674C2344-E90C-4682-9648-8642F0F559D1}.Release|iPhone.Build.0 = Release|Any CPU
		{674C2344-E90C-4682-9648-8642F0F559D1}.Release|iPhoneSimulator.ActiveCfg = Release|Any CPU
		{674C2344-E90C-4682-9648-8642F0F559D1}.Release|iPhoneSimulator.Build.0 = Release|Any CPU
		{674C2344-E90C-4682-9648-8642F0F559D1}.Release|x64.ActiveCfg = Release|Any CPU
		{674C2344-E90C-4682-9648-8642F0F559D1}.Release|x64.Build.0 = Release|Any CPU
		{674C2344-E90C-4682-9648-8642F0F559D1}.Release|x86.ActiveCfg = Release|Any CPU
		{674C2344-E90C-4682-9648-8642F0F559D1}.Release|x86.Build.0 = Release|Any CPU
		{4F4DA0BD-8B53-4EA5-BF8A-C3BAC22802FF}.Ad-Hoc|Any CPU.ActiveCfg = Debug|Any CPU
		{4F4DA0BD-8B53-4EA5-BF8A-C3BAC22802FF}.Ad-Hoc|Any CPU.Build.0 = Debug|Any CPU
		{4F4DA0BD-8B53-4EA5-BF8A-C3BAC22802FF}.Ad-Hoc|ARM.ActiveCfg = Debug|Any CPU
		{4F4DA0BD-8B53-4EA5-BF8A-C3BAC22802FF}.Ad-Hoc|ARM.Build.0 = Debug|Any CPU
		{4F4DA0BD-8B53-4EA5-BF8A-C3BAC22802FF}.Ad-Hoc|ARM64.ActiveCfg = Debug|Any CPU
		{4F4DA0BD-8B53-4EA5-BF8A-C3BAC22802FF}.Ad-Hoc|ARM64.Build.0 = Debug|Any CPU
		{4F4DA0BD-8B53-4EA5-BF8A-C3BAC22802FF}.Ad-Hoc|iPhone.ActiveCfg = Debug|Any CPU
		{4F4DA0BD-8B53-4EA5-BF8A-C3BAC22802FF}.Ad-Hoc|iPhone.Build.0 = Debug|Any CPU
		{4F4DA0BD-8B53-4EA5-BF8A-C3BAC22802FF}.Ad-Hoc|iPhoneSimulator.ActiveCfg = Debug|Any CPU
		{4F4DA0BD-8B53-4EA5-BF8A-C3BAC22802FF}.Ad-Hoc|iPhoneSimulator.Build.0 = Debug|Any CPU
		{4F4DA0BD-8B53-4EA5-BF8A-C3BAC22802FF}.Ad-Hoc|x64.ActiveCfg = Debug|Any CPU
		{4F4DA0BD-8B53-4EA5-BF8A-C3BAC22802FF}.Ad-Hoc|x64.Build.0 = Debug|Any CPU
		{4F4DA0BD-8B53-4EA5-BF8A-C3BAC22802FF}.Ad-Hoc|x86.ActiveCfg = Debug|Any CPU
		{4F4DA0BD-8B53-4EA5-BF8A-C3BAC22802FF}.Ad-Hoc|x86.Build.0 = Debug|Any CPU
		{4F4DA0BD-8B53-4EA5-BF8A-C3BAC22802FF}.AppStore|Any CPU.ActiveCfg = Debug|Any CPU
		{4F4DA0BD-8B53-4EA5-BF8A-C3BAC22802FF}.AppStore|Any CPU.Build.0 = Debug|Any CPU
		{4F4DA0BD-8B53-4EA5-BF8A-C3BAC22802FF}.AppStore|ARM.ActiveCfg = Debug|Any CPU
		{4F4DA0BD-8B53-4EA5-BF8A-C3BAC22802FF}.AppStore|ARM.Build.0 = Debug|Any CPU
		{4F4DA0BD-8B53-4EA5-BF8A-C3BAC22802FF}.AppStore|ARM64.ActiveCfg = Debug|Any CPU
		{4F4DA0BD-8B53-4EA5-BF8A-C3BAC22802FF}.AppStore|ARM64.Build.0 = Debug|Any CPU
		{4F4DA0BD-8B53-4EA5-BF8A-C3BAC22802FF}.AppStore|iPhone.ActiveCfg = Debug|Any CPU
		{4F4DA0BD-8B53-4EA5-BF8A-C3BAC22802FF}.AppStore|iPhone.Build.0 = Debug|Any CPU
		{4F4DA0BD-8B53-4EA5-BF8A-C3BAC22802FF}.AppStore|iPhoneSimulator.ActiveCfg = Debug|Any CPU
		{4F4DA0BD-8B53-4EA5-BF8A-C3BAC22802FF}.AppStore|iPhoneSimulator.Build.0 = Debug|Any CPU
		{4F4DA0BD-8B53-4EA5-BF8A-C3BAC22802FF}.AppStore|x64.ActiveCfg = Debug|Any CPU
		{4F4DA0BD-8B53-4EA5-BF8A-C3BAC22802FF}.AppStore|x64.Build.0 = Debug|Any CPU
		{4F4DA0BD-8B53-4EA5-BF8A-C3BAC22802FF}.AppStore|x86.ActiveCfg = Debug|Any CPU
		{4F4DA0BD-8B53-4EA5-BF8A-C3BAC22802FF}.AppStore|x86.Build.0 = Debug|Any CPU
		{4F4DA0BD-8B53-4EA5-BF8A-C3BAC22802FF}.Debug|Any CPU.ActiveCfg = Debug|Any CPU
		{4F4DA0BD-8B53-4EA5-BF8A-C3BAC22802FF}.Debug|Any CPU.Build.0 = Debug|Any CPU
		{4F4DA0BD-8B53-4EA5-BF8A-C3BAC22802FF}.Debug|ARM.ActiveCfg = Debug|Any CPU
		{4F4DA0BD-8B53-4EA5-BF8A-C3BAC22802FF}.Debug|ARM.Build.0 = Debug|Any CPU
		{4F4DA0BD-8B53-4EA5-BF8A-C3BAC22802FF}.Debug|ARM64.ActiveCfg = Debug|Any CPU
		{4F4DA0BD-8B53-4EA5-BF8A-C3BAC22802FF}.Debug|ARM64.Build.0 = Debug|Any CPU
		{4F4DA0BD-8B53-4EA5-BF8A-C3BAC22802FF}.Debug|iPhone.ActiveCfg = Debug|Any CPU
		{4F4DA0BD-8B53-4EA5-BF8A-C3BAC22802FF}.Debug|iPhone.Build.0 = Debug|Any CPU
		{4F4DA0BD-8B53-4EA5-BF8A-C3BAC22802FF}.Debug|iPhoneSimulator.ActiveCfg = Debug|Any CPU
		{4F4DA0BD-8B53-4EA5-BF8A-C3BAC22802FF}.Debug|iPhoneSimulator.Build.0 = Debug|Any CPU
		{4F4DA0BD-8B53-4EA5-BF8A-C3BAC22802FF}.Debug|x64.ActiveCfg = Debug|Any CPU
		{4F4DA0BD-8B53-4EA5-BF8A-C3BAC22802FF}.Debug|x64.Build.0 = Debug|Any CPU
		{4F4DA0BD-8B53-4EA5-BF8A-C3BAC22802FF}.Debug|x86.ActiveCfg = Debug|Any CPU
		{4F4DA0BD-8B53-4EA5-BF8A-C3BAC22802FF}.Debug|x86.Build.0 = Debug|Any CPU
		{4F4DA0BD-8B53-4EA5-BF8A-C3BAC22802FF}.Release|Any CPU.ActiveCfg = Release|Any CPU
		{4F4DA0BD-8B53-4EA5-BF8A-C3BAC22802FF}.Release|Any CPU.Build.0 = Release|Any CPU
		{4F4DA0BD-8B53-4EA5-BF8A-C3BAC22802FF}.Release|ARM.ActiveCfg = Release|Any CPU
		{4F4DA0BD-8B53-4EA5-BF8A-C3BAC22802FF}.Release|ARM.Build.0 = Release|Any CPU
		{4F4DA0BD-8B53-4EA5-BF8A-C3BAC22802FF}.Release|ARM64.ActiveCfg = Release|Any CPU
		{4F4DA0BD-8B53-4EA5-BF8A-C3BAC22802FF}.Release|ARM64.Build.0 = Release|Any CPU
		{4F4DA0BD-8B53-4EA5-BF8A-C3BAC22802FF}.Release|iPhone.ActiveCfg = Release|Any CPU
		{4F4DA0BD-8B53-4EA5-BF8A-C3BAC22802FF}.Release|iPhone.Build.0 = Release|Any CPU
		{4F4DA0BD-8B53-4EA5-BF8A-C3BAC22802FF}.Release|iPhoneSimulator.ActiveCfg = Release|Any CPU
		{4F4DA0BD-8B53-4EA5-BF8A-C3BAC22802FF}.Release|iPhoneSimulator.Build.0 = Release|Any CPU
		{4F4DA0BD-8B53-4EA5-BF8A-C3BAC22802FF}.Release|x64.ActiveCfg = Release|Any CPU
		{4F4DA0BD-8B53-4EA5-BF8A-C3BAC22802FF}.Release|x64.Build.0 = Release|Any CPU
		{4F4DA0BD-8B53-4EA5-BF8A-C3BAC22802FF}.Release|x86.ActiveCfg = Release|Any CPU
		{4F4DA0BD-8B53-4EA5-BF8A-C3BAC22802FF}.Release|x86.Build.0 = Release|Any CPU
		{63BA06EA-B6F9-4B1A-88CB-9D07F97C7800}.Ad-Hoc|Any CPU.ActiveCfg = Debug|Any CPU
		{63BA06EA-B6F9-4B1A-88CB-9D07F97C7800}.Ad-Hoc|Any CPU.Build.0 = Debug|Any CPU
		{63BA06EA-B6F9-4B1A-88CB-9D07F97C7800}.Ad-Hoc|ARM.ActiveCfg = Debug|Any CPU
		{63BA06EA-B6F9-4B1A-88CB-9D07F97C7800}.Ad-Hoc|ARM.Build.0 = Debug|Any CPU
		{63BA06EA-B6F9-4B1A-88CB-9D07F97C7800}.Ad-Hoc|ARM64.ActiveCfg = Debug|Any CPU
		{63BA06EA-B6F9-4B1A-88CB-9D07F97C7800}.Ad-Hoc|ARM64.Build.0 = Debug|Any CPU
		{63BA06EA-B6F9-4B1A-88CB-9D07F97C7800}.Ad-Hoc|iPhone.ActiveCfg = Debug|Any CPU
		{63BA06EA-B6F9-4B1A-88CB-9D07F97C7800}.Ad-Hoc|iPhone.Build.0 = Debug|Any CPU
		{63BA06EA-B6F9-4B1A-88CB-9D07F97C7800}.Ad-Hoc|iPhoneSimulator.ActiveCfg = Debug|Any CPU
		{63BA06EA-B6F9-4B1A-88CB-9D07F97C7800}.Ad-Hoc|iPhoneSimulator.Build.0 = Debug|Any CPU
		{63BA06EA-B6F9-4B1A-88CB-9D07F97C7800}.Ad-Hoc|x64.ActiveCfg = Debug|Any CPU
		{63BA06EA-B6F9-4B1A-88CB-9D07F97C7800}.Ad-Hoc|x64.Build.0 = Debug|Any CPU
		{63BA06EA-B6F9-4B1A-88CB-9D07F97C7800}.Ad-Hoc|x86.ActiveCfg = Debug|Any CPU
		{63BA06EA-B6F9-4B1A-88CB-9D07F97C7800}.Ad-Hoc|x86.Build.0 = Debug|Any CPU
		{63BA06EA-B6F9-4B1A-88CB-9D07F97C7800}.AppStore|Any CPU.ActiveCfg = Debug|Any CPU
		{63BA06EA-B6F9-4B1A-88CB-9D07F97C7800}.AppStore|Any CPU.Build.0 = Debug|Any CPU
		{63BA06EA-B6F9-4B1A-88CB-9D07F97C7800}.AppStore|ARM.ActiveCfg = Debug|Any CPU
		{63BA06EA-B6F9-4B1A-88CB-9D07F97C7800}.AppStore|ARM.Build.0 = Debug|Any CPU
		{63BA06EA-B6F9-4B1A-88CB-9D07F97C7800}.AppStore|ARM64.ActiveCfg = Debug|Any CPU
		{63BA06EA-B6F9-4B1A-88CB-9D07F97C7800}.AppStore|ARM64.Build.0 = Debug|Any CPU
		{63BA06EA-B6F9-4B1A-88CB-9D07F97C7800}.AppStore|iPhone.ActiveCfg = Debug|Any CPU
		{63BA06EA-B6F9-4B1A-88CB-9D07F97C7800}.AppStore|iPhone.Build.0 = Debug|Any CPU
		{63BA06EA-B6F9-4B1A-88CB-9D07F97C7800}.AppStore|iPhoneSimulator.ActiveCfg = Debug|Any CPU
		{63BA06EA-B6F9-4B1A-88CB-9D07F97C7800}.AppStore|iPhoneSimulator.Build.0 = Debug|Any CPU
		{63BA06EA-B6F9-4B1A-88CB-9D07F97C7800}.AppStore|x64.ActiveCfg = Debug|Any CPU
		{63BA06EA-B6F9-4B1A-88CB-9D07F97C7800}.AppStore|x64.Build.0 = Debug|Any CPU
		{63BA06EA-B6F9-4B1A-88CB-9D07F97C7800}.AppStore|x86.ActiveCfg = Debug|Any CPU
		{63BA06EA-B6F9-4B1A-88CB-9D07F97C7800}.AppStore|x86.Build.0 = Debug|Any CPU
		{63BA06EA-B6F9-4B1A-88CB-9D07F97C7800}.Debug|Any CPU.ActiveCfg = Debug|Any CPU
		{63BA06EA-B6F9-4B1A-88CB-9D07F97C7800}.Debug|Any CPU.Build.0 = Debug|Any CPU
		{63BA06EA-B6F9-4B1A-88CB-9D07F97C7800}.Debug|ARM.ActiveCfg = Debug|Any CPU
		{63BA06EA-B6F9-4B1A-88CB-9D07F97C7800}.Debug|ARM.Build.0 = Debug|Any CPU
		{63BA06EA-B6F9-4B1A-88CB-9D07F97C7800}.Debug|ARM64.ActiveCfg = Debug|Any CPU
		{63BA06EA-B6F9-4B1A-88CB-9D07F97C7800}.Debug|ARM64.Build.0 = Debug|Any CPU
		{63BA06EA-B6F9-4B1A-88CB-9D07F97C7800}.Debug|iPhone.ActiveCfg = Debug|Any CPU
		{63BA06EA-B6F9-4B1A-88CB-9D07F97C7800}.Debug|iPhone.Build.0 = Debug|Any CPU
		{63BA06EA-B6F9-4B1A-88CB-9D07F97C7800}.Debug|iPhoneSimulator.ActiveCfg = Debug|Any CPU
		{63BA06EA-B6F9-4B1A-88CB-9D07F97C7800}.Debug|iPhoneSimulator.Build.0 = Debug|Any CPU
		{63BA06EA-B6F9-4B1A-88CB-9D07F97C7800}.Debug|x64.ActiveCfg = Debug|Any CPU
		{63BA06EA-B6F9-4B1A-88CB-9D07F97C7800}.Debug|x64.Build.0 = Debug|Any CPU
		{63BA06EA-B6F9-4B1A-88CB-9D07F97C7800}.Debug|x86.ActiveCfg = Debug|Any CPU
		{63BA06EA-B6F9-4B1A-88CB-9D07F97C7800}.Debug|x86.Build.0 = Debug|Any CPU
		{63BA06EA-B6F9-4B1A-88CB-9D07F97C7800}.Release|Any CPU.ActiveCfg = Release|Any CPU
		{63BA06EA-B6F9-4B1A-88CB-9D07F97C7800}.Release|Any CPU.Build.0 = Release|Any CPU
		{63BA06EA-B6F9-4B1A-88CB-9D07F97C7800}.Release|ARM.ActiveCfg = Release|Any CPU
		{63BA06EA-B6F9-4B1A-88CB-9D07F97C7800}.Release|ARM.Build.0 = Release|Any CPU
		{63BA06EA-B6F9-4B1A-88CB-9D07F97C7800}.Release|ARM64.ActiveCfg = Release|Any CPU
		{63BA06EA-B6F9-4B1A-88CB-9D07F97C7800}.Release|ARM64.Build.0 = Release|Any CPU
		{63BA06EA-B6F9-4B1A-88CB-9D07F97C7800}.Release|iPhone.ActiveCfg = Release|Any CPU
		{63BA06EA-B6F9-4B1A-88CB-9D07F97C7800}.Release|iPhone.Build.0 = Release|Any CPU
		{63BA06EA-B6F9-4B1A-88CB-9D07F97C7800}.Release|iPhoneSimulator.ActiveCfg = Release|Any CPU
		{63BA06EA-B6F9-4B1A-88CB-9D07F97C7800}.Release|iPhoneSimulator.Build.0 = Release|Any CPU
		{63BA06EA-B6F9-4B1A-88CB-9D07F97C7800}.Release|x64.ActiveCfg = Release|Any CPU
		{63BA06EA-B6F9-4B1A-88CB-9D07F97C7800}.Release|x64.Build.0 = Release|Any CPU
		{63BA06EA-B6F9-4B1A-88CB-9D07F97C7800}.Release|x86.ActiveCfg = Release|Any CPU
		{63BA06EA-B6F9-4B1A-88CB-9D07F97C7800}.Release|x86.Build.0 = Release|Any CPU
	EndGlobalSection
	GlobalSection(SolutionProperties) = preSolution
		HideSolutionNode = FALSE
	EndGlobalSection
	GlobalSection(NestedProjects) = preSolution
		{92D86AA8-9DAF-4554-A7D0-F5F235817656} = {31FC31B0-EDB2-4BE4-A6AF-70A452FCD6F1}
		{2A246677-4039-4502-9044-B55367D5C79C} = {31FC31B0-EDB2-4BE4-A6AF-70A452FCD6F1}
		{64534C2A-3C59-4D96-BFF6-0AD923898E71} = {31FC31B0-EDB2-4BE4-A6AF-70A452FCD6F1}
		{EBA4D5A5-C9CC-4E8B-9030-40685B0DF49A} = {31FC31B0-EDB2-4BE4-A6AF-70A452FCD6F1}
		{1275FA3F-AD51-4147-BAF8-99F9BCD0B6F4} = {31FC31B0-EDB2-4BE4-A6AF-70A452FCD6F1}
		{06BC8949-71CE-44B2-AD0B-0A3EBC33DC0D} = {31FC31B0-EDB2-4BE4-A6AF-70A452FCD6F1}
		{674C2344-E90C-4682-9648-8642F0F559D1} = {31FC31B0-EDB2-4BE4-A6AF-70A452FCD6F1}
		{4F4DA0BD-8B53-4EA5-BF8A-C3BAC22802FF} = {31FC31B0-EDB2-4BE4-A6AF-70A452FCD6F1}
		{63BA06EA-B6F9-4B1A-88CB-9D07F97C7800} = {31FC31B0-EDB2-4BE4-A6AF-70A452FCD6F1}
	EndGlobalSection
	GlobalSection(ExtensibilityGlobals) = postSolution
		SolutionGuid = {1F98A78D-F31B-473A-B246-858D51DCF318}
	EndGlobalSection
EndGlobal
